
Microsoft Visual Studio Solution File, Format Version 12.00
# Visual Studio Version 17
VisualStudioVersion = 17.0.31903.59
MinimumVisualStudioVersion = 10.0.40219.1
Project("{FAE04EC0-301F-11D3-BF4B-00C04F79EFBC}") = "ImGuiSDL", "ImGuiSDL\ImGuiSDL.csproj", "{5CEC8902-8DBF-490F-AFE7-697A04AC607A}"
EndProject
Project("{2150E333-8FDC-42A3-9474-1A3956D46DE8}") = "repo", "repo", "{821186F9-5C38-4830-B5FC-9FB300FD6077}"
	ProjectSection(SolutionItems) = preProject
		.gitignore = .gitignore
	EndProjectSection
EndProject
Global
	GlobalSection(SolutionConfigurationPlatforms) = preSolution
		Debug|Any CPU = Debug|Any CPU
		Release|Any CPU = Release|Any CPU
	EndGlobalSection
	GlobalSection(SolutionProperties) = preSolution
		HideSolutionNode = FALSE
	EndGlobalSection
	GlobalSection(ProjectConfigurationPlatforms) = postSolution
		{5CEC8902-8DBF-490F-AFE7-697A04AC607A}.Debug|Any CPU.ActiveCfg = Debug|Any CPU
		{5CEC8902-8DBF-490F-AFE7-697A04AC607A}.Debug|Any CPU.Build.0 = Debug|Any CPU
		{5CEC8902-8DBF-490F-AFE7-697A04AC607A}.Release|Any CPU.ActiveCfg = Release|Any CPU
		{5CEC8902-8DBF-490F-AFE7-697A04AC607A}.Release|Any CPU.Build.0 = Release|Any CPU
	EndGlobalSection
	GlobalSection(NestedProjects) = preSolution
	EndGlobalSection
EndGlobal
